// !$*UTF8*$!
{
	archiveVersion = 1;
	classes = {
	};
	objectVersion = 50;
	objects = {

/* Begin PBXBuildFile section */
		3009186BA76EE4767F43A6DD /* Pods_JCPresentationRemote.framework in Frameworks */ = {isa = PBXBuildFile; fileRef = 602681C9828F6FCE9109205C /* Pods_JCPresentationRemote.framework */; };
		A2B34406255CD90E00862965 /* AppDelegate.swift in Sources */ = {isa = PBXBuildFile; fileRef = A2B34405255CD90E00862965 /* AppDelegate.swift */; };
		A2B34408255CD90E00862965 /* ViewController.swift in Sources */ = {isa = PBXBuildFile; fileRef = A2B34407255CD90E00862965 /* ViewController.swift */; };
		A2B3440A255CD90F00862965 /* Assets.xcassets in Resources */ = {isa = PBXBuildFile; fileRef = A2B34409255CD90F00862965 /* Assets.xcassets */; };
		A2B3440D255CD90F00862965 /* Main.storyboard in Resources */ = {isa = PBXBuildFile; fileRef = A2B3440B255CD90F00862965 /* Main.storyboard */; };
/* End PBXBuildFile section */

/* Begin PBXFileReference section */
		2ECC10A936BCCA67B109D6DC /* Pods-JCPresentationRemote.release.xcconfig */ = {isa = PBXFileReference; includeInIndex = 1; lastKnownFileType = text.xcconfig; name = "Pods-JCPresentationRemote.release.xcconfig"; path = "Target Support Files/Pods-JCPresentationRemote/Pods-JCPresentationRemote.release.xcconfig"; sourceTree = "<group>"; };
		602681C9828F6FCE9109205C /* Pods_JCPresentationRemote.framework */ = {isa = PBXFileReference; explicitFileType = wrapper.framework; includeInIndex = 0; path = Pods_JCPresentationRemote.framework; sourceTree = BUILT_PRODUCTS_DIR; };
		A2B34402255CD90E00862965 /* JCPresentationRemote.app */ = {isa = PBXFileReference; explicitFileType = wrapper.application; includeInIndex = 0; path = JCPresentationRemote.app; sourceTree = BUILT_PRODUCTS_DIR; };
		A2B34405255CD90E00862965 /* AppDelegate.swift */ = {isa = PBXFileReference; lastKnownFileType = sourcecode.swift; path = AppDelegate.swift; sourceTree = "<group>"; };
		A2B34407255CD90E00862965 /* ViewController.swift */ = {isa = PBXFileReference; lastKnownFileType = sourcecode.swift; path = ViewController.swift; sourceTree = "<group>"; };
		A2B34409255CD90F00862965 /* Assets.xcassets */ = {isa = PBXFileReference; lastKnownFileType = folder.assetcatalog; path = Assets.xcassets; sourceTree = "<group>"; };
		A2B3440C255CD90F00862965 /* Base */ = {isa = PBXFileReference; lastKnownFileType = file.storyboard; name = Base; path = Base.lproj/Main.storyboard; sourceTree = "<group>"; };
		A2B3440E255CD90F00862965 /* Info.plist */ = {isa = PBXFileReference; lastKnownFileType = text.plist.xml; path = Info.plist; sourceTree = "<group>"; };
		A2B3440F255CD90F00862965 /* JCPresentationRemote.entitlements */ = {isa = PBXFileReference; lastKnownFileType = text.plist.entitlements; path = JCPresentationRemote.entitlements; sourceTree = "<group>"; };
		EA9B63B5BDC09B9B064DD182 /* Pods-JCPresentationRemote.debug.xcconfig */ = {isa = PBXFileReference; includeInIndex = 1; lastKnownFileType = text.xcconfig; name = "Pods-JCPresentationRemote.debug.xcconfig"; path = "Target Support Files/Pods-JCPresentationRemote/Pods-JCPresentationRemote.debug.xcconfig"; sourceTree = "<group>"; };
/* End PBXFileReference section */

/* Begin PBXFrameworksBuildPhase section */
		A2B343FF255CD90E00862965 /* Frameworks */ = {
			isa = PBXFrameworksBuildPhase;
			buildActionMask = 2147483647;
			files = (
				3009186BA76EE4767F43A6DD /* Pods_JCPresentationRemote.framework in Frameworks */,
			);
			runOnlyForDeploymentPostprocessing = 0;
		};
/* End PBXFrameworksBuildPhase section */

/* Begin PBXGroup section */
		8F901985BEB99F5E0E584EEF /* Frameworks */ = {
			isa = PBXGroup;
			children = (
				602681C9828F6FCE9109205C /* Pods_JCPresentationRemote.framework */,
			);
			name = Frameworks;
			sourceTree = "<group>";
		};
		A2B343F9255CD90E00862965 = {
			isa = PBXGroup;
			children = (
				A2B34404255CD90E00862965 /* JCPresentationRemote */,
				A2B34403255CD90E00862965 /* Products */,
				C9CC7C0806A8F5F2F1AB8310 /* Pods */,
				8F901985BEB99F5E0E584EEF /* Frameworks */,
			);
			sourceTree = "<group>";
		};
		A2B34403255CD90E00862965 /* Products */ = {
			isa = PBXGroup;
			children = (
				A2B34402255CD90E00862965 /* JCPresentationRemote.app */,
			);
			name = Products;
			sourceTree = "<group>";
		};
		A2B34404255CD90E00862965 /* JCPresentationRemote */ = {
			isa = PBXGroup;
			children = (
				A2B34405255CD90E00862965 /* AppDelegate.swift */,
				A2B34407255CD90E00862965 /* ViewController.swift */,
				A2B34409255CD90F00862965 /* Assets.xcassets */,
				A2B3440B255CD90F00862965 /* Main.storyboard */,
				A2B3440E255CD90F00862965 /* Info.plist */,
				A2B3440F255CD90F00862965 /* JCPresentationRemote.entitlements */,
			);
			path = JCPresentationRemote;
			sourceTree = "<group>";
		};
		C9CC7C0806A8F5F2F1AB8310 /* Pods */ = {
			isa = PBXGroup;
			children = (
				EA9B63B5BDC09B9B064DD182 /* Pods-JCPresentationRemote.debug.xcconfig */,
				2ECC10A936BCCA67B109D6DC /* Pods-JCPresentationRemote.release.xcconfig */,
			);
			name = Pods;
			path = Pods;
			sourceTree = "<group>";
		};
/* End PBXGroup section */

/* Begin PBXNativeTarget section */
		A2B34401255CD90E00862965 /* JCPresentationRemote */ = {
			isa = PBXNativeTarget;
			buildConfigurationList = A2B34412255CD90F00862965 /* Build configuration list for PBXNativeTarget "JCPresentationRemote" */;
			buildPhases = (
				5BDB4596605381F985DBE3D4 /* [CP] Check Pods Manifest.lock */,
				A2B343FE255CD90E00862965 /* Sources */,
				A2B343FF255CD90E00862965 /* Frameworks */,
				A2B34400255CD90E00862965 /* Resources */,
				293A21E33E58C9BF477A74FD /* [CP] Embed Pods Frameworks */,
			);
			buildRules = (
			);
			dependencies = (
			);
			name = JCPresentationRemote;
			productName = JCPresentationRemote;
			productReference = A2B34402255CD90E00862965 /* JCPresentationRemote.app */;
			productType = "com.apple.product-type.application";
		};
/* End PBXNativeTarget section */

/* Begin PBXProject section */
		A2B343FA255CD90E00862965 /* Project object */ = {
			isa = PBXProject;
			attributes = {
				LastSwiftUpdateCheck = 1130;
				LastUpgradeCheck = 1130;
				ORGANIZATIONNAME = "Chuck Lin";
				TargetAttributes = {
					A2B34401255CD90E00862965 = {
						CreatedOnToolsVersion = 11.3.1;
					};
				};
			};
			buildConfigurationList = A2B343FD255CD90E00862965 /* Build configuration list for PBXProject "JCPresentationRemote" */;
			compatibilityVersion = "Xcode 9.3";
			developmentRegion = en;
			hasScannedForEncodings = 0;
			knownRegions = (
				en,
				Base,
			);
			mainGroup = A2B343F9255CD90E00862965;
			productRefGroup = A2B34403255CD90E00862965 /* Products */;
			projectDirPath = "";
			projectRoot = "";
			targets = (
				A2B34401255CD90E00862965 /* JCPresentationRemote */,
			);
		};
/* End PBXProject section */

/* Begin PBXResourcesBuildPhase section */
		A2B34400255CD90E00862965 /* Resources */ = {
			isa = PBXResourcesBuildPhase;
			buildActionMask = 2147483647;
			files = (
				A2B3440A255CD90F00862965 /* Assets.xcassets in Resources */,
				A2B3440D255CD90F00862965 /* Main.storyboard in Resources */,
			);
			runOnlyForDeploymentPostprocessing = 0;
		};
/* End PBXResourcesBuildPhase section */

/* Begin PBXShellScriptBuildPhase section */
		293A21E33E58C9BF477A74FD /* [CP] Embed Pods Frameworks */ = {
			isa = PBXShellScriptBuildPhase;
			buildActionMask = 2147483647;
			files = (
			);
			inputFileListPaths = (
				"${PODS_ROOT}/Target Support Files/Pods-JCPresentationRemote/Pods-JCPresentationRemote-frameworks-${CONFIGURATION}-input-files.xcfilelist",
			);
			name = "[CP] Embed Pods Frameworks";
			outputFileListPaths = (
				"${PODS_ROOT}/Target Support Files/Pods-JCPresentationRemote/Pods-JCPresentationRemote-frameworks-${CONFIGURATION}-output-files.xcfilelist",
			);
			runOnlyForDeploymentPostprocessing = 0;
			shellPath = /bin/sh;
			shellScript = "\"${PODS_ROOT}/Target Support Files/Pods-JCPresentationRemote/Pods-JCPresentationRemote-frameworks.sh\"\n";
			showEnvVarsInLog = 0;
		};
		5BDB4596605381F985DBE3D4 /* [CP] Check Pods Manifest.lock */ = {
			isa = PBXShellScriptBuildPhase;
			buildActionMask = 2147483647;
			files = (
			);
			inputFileListPaths = (
			);
			inputPaths = (
				"${PODS_PODFILE_DIR_PATH}/Podfile.lock",
				"${PODS_ROOT}/Manifest.lock",
			);
			name = "[CP] Check Pods Manifest.lock";
			outputFileListPaths = (
			);
			outputPaths = (
				"$(DERIVED_FILE_DIR)/Pods-JCPresentationRemote-checkManifestLockResult.txt",
			);
			runOnlyForDeploymentPostprocessing = 0;
			shellPath = /bin/sh;
			shellScript = "diff \"${PODS_PODFILE_DIR_PATH}/Podfile.lock\" \"${PODS_ROOT}/Manifest.lock\" > /dev/null\nif [ $? != 0 ] ; then\n    # print error to STDERR\n    echo \"error: The sandbox is not in sync with the Podfile.lock. Run 'pod install' or update your CocoaPods installation.\" >&2\n    exit 1\nfi\n# This output is used by Xcode 'outputs' to avoid re-running this script phase.\necho \"SUCCESS\" > \"${SCRIPT_OUTPUT_FILE_0}\"\n";
			showEnvVarsInLog = 0;
		};
/* End PBXShellScriptBuildPhase section */

/* Begin PBXSourcesBuildPhase section */
		A2B343FE255CD90E00862965 /* Sources */ = {
			isa = PBXSourcesBuildPhase;
			buildActionMask = 2147483647;
			files = (
				A2B34408255CD90E00862965 /* ViewController.swift in Sources */,
				A2B34406255CD90E00862965 /* AppDelegate.swift in Sources */,
			);
			runOnlyForDeploymentPostprocessing = 0;
		};
/* End PBXSourcesBuildPhase section */

/* Begin PBXVariantGroup section */
		A2B3440B255CD90F00862965 /* Main.storyboard */ = {
			isa = PBXVariantGroup;
			children = (
				A2B3440C255CD90F00862965 /* Base */,
			);
			name = Main.storyboard;
			sourceTree = "<group>";
		};
/* End PBXVariantGroup section */

/* Begin XCBuildConfiguration section */
		A2B34410255CD90F00862965 /* Debug */ = {
			isa = XCBuildConfiguration;
			buildSettings = {
				ALWAYS_SEARCH_USER_PATHS = NO;
				CLANG_ANALYZER_NONNULL = YES;
				CLANG_ANALYZER_NUMBER_OBJECT_CONVERSION = YES_AGGRESSIVE;
				CLANG_CXX_LANGUAGE_STANDARD = "gnu++14";
				CLANG_CXX_LIBRARY = "libc++";
				CLANG_ENABLE_MODULES = YES;
				CLANG_ENABLE_OBJC_ARC = YES;
				CLANG_ENABLE_OBJC_WEAK = YES;
				CLANG_WARN_BLOCK_CAPTURE_AUTORELEASING = YES;
				CLANG_WARN_BOOL_CONVERSION = YES;
				CLANG_WARN_COMMA = YES;
				CLANG_WARN_CONSTANT_CONVERSION = YES;
				CLANG_WARN_DEPRECATED_OBJC_IMPLEMENTATIONS = YES;
				CLANG_WARN_DIRECT_OBJC_ISA_USAGE = YES_ERROR;
				CLANG_WARN_DOCUMENTATION_COMMENTS = YES;
				CLANG_WARN_EMPTY_BODY = YES;
				CLANG_WARN_ENUM_CONVERSION = YES;
				CLANG_WARN_INFINITE_RECURSION = YES;
				CLANG_WARN_INT_CONVERSION = YES;
				CLANG_WARN_NON_LITERAL_NULL_CONVERSION = YES;
				CLANG_WARN_OBJC_IMPLICIT_RETAIN_SELF = YES;
				CLANG_WARN_OBJC_LITERAL_CONVERSION = YES;
				CLANG_WARN_OBJC_ROOT_CLASS = YES_ERROR;
				CLANG_WARN_RANGE_LOOP_ANALYSIS = YES;
				CLANG_WARN_STRICT_PROTOTYPES = YES;
				CLANG_WARN_SUSPICIOUS_MOVE = YES;
				CLANG_WARN_UNGUARDED_AVAILABILITY = YES_AGGRESSIVE;
				CLANG_WARN_UNREACHABLE_CODE = YES;
				CLANG_WARN__DUPLICATE_METHOD_MATCH = YES;
				COPY_PHASE_STRIP = NO;
				DEBUG_INFORMATION_FORMAT = dwarf;
				ENABLE_STRICT_OBJC_MSGSEND = YES;
				ENABLE_TESTABILITY = YES;
				GCC_C_LANGUAGE_STANDARD = gnu11;
				GCC_DYNAMIC_NO_PIC = NO;
				GCC_NO_COMMON_BLOCKS = YES;
				GCC_OPTIMIZATION_LEVEL = 0;
				GCC_PREPROCESSOR_DEFINITIONS = (
					"DEBUG=1",
					"$(inherited)",
				);
				GCC_WARN_64_TO_32_BIT_CONVERSION = YES;
				GCC_WARN_ABOUT_RETURN_TYPE = YES_ERROR;
				GCC_WARN_UNDECLARED_SELECTOR = YES;
				GCC_WARN_UNINITIALIZED_AUTOS = YES_AGGRESSIVE;
				GCC_WARN_UNUSED_FUNCTION = YES;
				GCC_WARN_UNUSED_VARIABLE = YES;
				MACOSX_DEPLOYMENT_TARGET = 10.14;
				MTL_ENABLE_DEBUG_INFO = INCLUDE_SOURCE;
				MTL_FAST_MATH = YES;
				ONLY_ACTIVE_ARCH = YES;
				SDKROOT = macosx;
				SWIFT_ACTIVE_COMPILATION_CONDITIONS = DEBUG;
				SWIFT_OPTIMIZATION_LEVEL = "-Onone";
			};
			name = Debug;
		};
		A2B34411255CD90F00862965 /* Release */ = {
			isa = XCBuildConfiguration;
			buildSettings = {
				ALWAYS_SEARCH_USER_PATHS = NO;
				CLANG_ANALYZER_NONNULL = YES;
				CLANG_ANALYZER_NUMBER_OBJECT_CONVERSION = YES_AGGRESSIVE;
				CLANG_CXX_LANGUAGE_STANDARD = "gnu++14";
				CLANG_CXX_LIBRARY = "libc++";
				CLANG_ENABLE_MODULES = YES;
				CLANG_ENABLE_OBJC_ARC = YES;
				CLANG_ENABLE_OBJC_WEAK = YES;
				CLANG_WARN_BLOCK_CAPTURE_AUTORELEASING = YES;
				CLANG_WARN_BOOL_CONVERSION = YES;
				CLANG_WARN_COMMA = YES;
				CLANG_WARN_CONSTANT_CONVERSION = YES;
				CLANG_WARN_DEPRECATED_OBJC_IMPLEMENTATIONS = YES;
				CLANG_WARN_DIRECT_OBJC_ISA_USAGE = YES_ERROR;
				CLANG_WARN_DOCUMENTATION_COMMENTS = YES;
				CLANG_WARN_EMPTY_BODY = YES;
				CLANG_WARN_ENUM_CONVERSION = YES;
				CLANG_WARN_INFINITE_RECURSION = YES;
				CLANG_WARN_INT_CONVERSION = YES;
				CLANG_WARN_NON_LITERAL_NULL_CONVERSION = YES;
				CLANG_WARN_OBJC_IMPLICIT_RETAIN_SELF = YES;
				CLANG_WARN_OBJC_LITERAL_CONVERSION = YES;
				CLANG_WARN_OBJC_ROOT_CLASS = YES_ERROR;
				CLANG_WARN_RANGE_LOOP_ANALYSIS = YES;
				CLANG_WARN_STRICT_PROTOTYPES = YES;
				CLANG_WARN_SUSPICIOUS_MOVE = YES;
				CLANG_WARN_UNGUARDED_AVAILABILITY = YES_AGGRESSIVE;
				CLANG_WARN_UNREACHABLE_CODE = YES;
				CLANG_WARN__DUPLICATE_METHOD_MATCH = YES;
				COPY_PHASE_STRIP = NO;
				DEBUG_INFORMATION_FORMAT = "dwarf-with-dsym";
				ENABLE_NS_ASSERTIONS = NO;
				ENABLE_STRICT_OBJC_MSGSEND = YES;
				GCC_C_LANGUAGE_STANDARD = gnu11;
				GCC_NO_COMMON_BLOCKS = YES;
				GCC_WARN_64_TO_32_BIT_CONVERSION = YES;
				GCC_WARN_ABOUT_RETURN_TYPE = YES_ERROR;
				GCC_WARN_UNDECLARED_SELECTOR = YES;
				GCC_WARN_UNINITIALIZED_AUTOS = YES_AGGRESSIVE;
				GCC_WARN_UNUSED_FUNCTION = YES;
				GCC_WARN_UNUSED_VARIABLE = YES;
				MACOSX_DEPLOYMENT_TARGET = 10.14;
				MTL_ENABLE_DEBUG_INFO = NO;
				MTL_FAST_MATH = YES;
				SDKROOT = macosx;
				SWIFT_COMPILATION_MODE = wholemodule;
				SWIFT_OPTIMIZATION_LEVEL = "-O";
			};
			name = Release;
		};
		A2B34413255CD90F00862965 /* Debug */ = {
			isa = XCBuildConfiguration;
			baseConfigurationReference = EA9B63B5BDC09B9B064DD182 /* Pods-JCPresentationRemote.debug.xcconfig */;
			buildSettings = {
				ASSETCATALOG_COMPILER_APPICON_NAME = AppIcon;
				CODE_SIGN_ENTITLEMENTS = JCPresentationRemote/JCPresentationRemote.entitlements;
				CODE_SIGN_STYLE = Automatic;
				COMBINE_HIDPI_IMAGES = YES;
				DEVELOPMENT_TEAM = PMXQTQ52EQ;
				ENABLE_HARDENED_RUNTIME = YES;
				INFOPLIST_FILE = JCPresentationRemote/Info.plist;
				LD_RUNPATH_SEARCH_PATHS = (
					"$(inherited)",
					"@executable_path/../Frameworks",
				);
				PRODUCT_BUNDLE_IDENTIFIER = idv.chucklin.JCPresentationRemote;
				PRODUCT_NAME = "$(TARGET_NAME)";
				SWIFT_VERSION = 5.0;
			};
			name = Debug;
		};
		A2B34414255CD90F00862965 /* Release */ = {
			isa = XCBuildConfiguration;
			baseConfigurationReference = 2ECC10A936BCCA67B109D6DC /* Pods-JCPresentationRemote.release.xcconfig */;
			buildSettings = {
				ASSETCATALOG_COMPILER_APPICON_NAME = AppIcon;
				CODE_SIGN_ENTITLEMENTS = JCPresentationRemote/JCPresentationRemote.entitlements;
				CODE_SIGN_STYLE = Automatic;
				COMBINE_HIDPI_IMAGES = YES;
				DEVELOPMENT_TEAM = PMXQTQ52EQ;
				ENABLE_HARDENED_RUNTIME = YES;
				INFOPLIST_FILE = JCPresentationRemote/Info.plist;
				LD_RUNPATH_SEARCH_PATHS = (
					"$(inherited)",
					"@executable_path/../Frameworks",
				);
				PRODUCT_BUNDLE_IDENTIFIER = idv.chucklin.JCPresentationRemote;
				PRODUCT_NAME = "$(TARGET_NAME)";
				SWIFT_VERSION = 5.0;
			};
			name = Release;
		};
/* End XCBuildConfiguration section */

/* Begin XCConfigurationList section */
		A2B343FD255CD90E00862965 /* Build configuration list for PBXProject "JCPresentationRemote" */ = {
			isa = XCConfigurationList;
			buildConfigurations = (
				A2B34410255CD90F00862965 /* Debug */,
				A2B34411255CD90F00862965 /* Release */,
			);
			defaultConfigurationIsVisible = 0;
			defaultConfigurationName = Release;
		};
		A2B34412255CD90F00862965 /* Build configuration list for PBXNativeTarget "JCPresentationRemote" */ = {
			isa = XCConfigurationList;
			buildConfigurations = (
				A2B34413255CD90F00862965 /* Debug */,
				A2B34414255CD90F00862965 /* Release */,
			);
			defaultConfigurationIsVisible = 0;
			defaultConfigurationName = Release;
		};
/* End XCConfigurationList section */
	};
	rootObject = A2B343FA255CD90E00862965 /* Project object */;
}
